
Microsoft Visual Studio Solution File, Format Version 12.00
# Visual Studio Version 16
VisualStudioVersion = 16.0.31205.134
MinimumVisualStudioVersion = 10.0.40219.1
Project("{FAE04EC0-301F-11D3-BF4B-00C04F79EFBC}") = "Hangfire.Sample", "Hangfire.Sample\Hangfire.Sample.csproj", "{F3BB9F56-51D2-4C33-938A-E8607D2BFD50}"
EndProject
Global
	GlobalSection(SolutionConfigurationPlatforms) = preSolution
		Debug|Any CPU = Debug|Any CPU
		Release|Any CPU = Release|Any CPU
	EndGlobalSection
	GlobalSection(ProjectConfigurationPlatforms) = postSolution
		{F3BB9F56-51D2-4C33-938A-E8607D2BFD50}.Debug|Any CPU.ActiveCfg = Debug|Any CPU
		{F3BB9F56-51D2-4C33-938A-E8607D2BFD50}.Debug|Any CPU.Build.0 = Debug|Any CPU
		{F3BB9F56-51D2-4C33-938A-E8607D2BFD50}.Release|Any CPU.ActiveCfg = Release|Any CPU
		{F3BB9F56-51D2-4C33-938A-E8607D2BFD50}.Release|Any CPU.Build.0 = Release|Any CPU
	EndGlobalSection
	GlobalSection(SolutionProperties) = preSolution
		HideSolutionNode = FALSE
	EndGlobalSection
	GlobalSection(ExtensibilityGlobals) = postSolution
		SolutionGuid = {62B7604E-7307-4317-862A-8B0064E0C6EB}
	EndGlobalSection
EndGlobal
