
Microsoft Visual Studio Solution File, Format Version 12.00
# Visual Studio Version 16
VisualStudioVersion = 16.0.31205.134
MinimumVisualStudioVersion = 10.0.40219.1
Project("{FAE04EC0-301F-11D3-BF4B-00C04F79EFBC}") = "IdCreator.Sample", "IdCreator.Sample\IdCreator.Sample.csproj", "{E0F0C2B0-A099-47E9-AC22-1D6CA2E6B615}"
EndProject
Global
	GlobalSection(SolutionConfigurationPlatforms) = preSolution
		Debug|Any CPU = Debug|Any CPU
		Release|Any CPU = Release|Any CPU
	EndGlobalSection
	GlobalSection(ProjectConfigurationPlatforms) = postSolution
		{E0F0C2B0-A099-47E9-AC22-1D6CA2E6B615}.Debug|Any CPU.ActiveCfg = Debug|Any CPU
		{E0F0C2B0-A099-47E9-AC22-1D6CA2E6B615}.Debug|Any CPU.Build.0 = Debug|Any CPU
		{E0F0C2B0-A099-47E9-AC22-1D6CA2E6B615}.Release|Any CPU.ActiveCfg = Release|Any CPU
		{E0F0C2B0-A099-47E9-AC22-1D6CA2E6B615}.Release|Any CPU.Build.0 = Release|Any CPU
	EndGlobalSection
	GlobalSection(SolutionProperties) = preSolution
		HideSolutionNode = FALSE
	EndGlobalSection
	GlobalSection(ExtensibilityGlobals) = postSolution
		SolutionGuid = {9F9867B3-BD81-4C58-B909-9BB8FC57E52E}
	EndGlobalSection
EndGlobal
