
Microsoft Visual Studio Solution File, Format Version 12.00
# Visual Studio Version 16
VisualStudioVersion = 16.0.31205.134
MinimumVisualStudioVersion = 10.0.40219.1
Project("{FAE04EC0-301F-11D3-BF4B-00C04F79EFBC}") = "NpoiMapper.Sample", "NpoiMapper.Sample\NpoiMapper.Sample.csproj", "{189761C0-2425-4E40-90F0-46790B4D0F33}"
EndProject
Global
	GlobalSection(SolutionConfigurationPlatforms) = preSolution
		Debug|Any CPU = Debug|Any CPU
		Release|Any CPU = Release|Any CPU
	EndGlobalSection
	GlobalSection(ProjectConfigurationPlatforms) = postSolution
		{189761C0-2425-4E40-90F0-46790B4D0F33}.Debug|Any CPU.ActiveCfg = Debug|Any CPU
		{189761C0-2425-4E40-90F0-46790B4D0F33}.Debug|Any CPU.Build.0 = Debug|Any CPU
		{189761C0-2425-4E40-90F0-46790B4D0F33}.Release|Any CPU.ActiveCfg = Release|Any CPU
		{189761C0-2425-4E40-90F0-46790B4D0F33}.Release|Any CPU.Build.0 = Release|Any CPU
	EndGlobalSection
	GlobalSection(SolutionProperties) = preSolution
		HideSolutionNode = FALSE
	EndGlobalSection
	GlobalSection(ExtensibilityGlobals) = postSolution
		SolutionGuid = {D78599E0-F6C9-47D6-B77E-23D80808597E}
	EndGlobalSection
EndGlobal
