
Microsoft Visual Studio Solution File, Format Version 12.00
# Visual Studio Version 16
VisualStudioVersion = 16.0.31410.357
MinimumVisualStudioVersion = 10.0.40219.1
Project("{FAE04EC0-301F-11D3-BF4B-00C04F79EFBC}") = "EntityGenerate", "EntityGenerate\EntityGenerate.csproj", "{A9F9CABE-F50D-43C7-8DC6-EAE2CB602010}"
EndProject
Global
	GlobalSection(SolutionConfigurationPlatforms) = preSolution
		Debug|Any CPU = Debug|Any CPU
		Release|Any CPU = Release|Any CPU
	EndGlobalSection
	GlobalSection(ProjectConfigurationPlatforms) = postSolution
		{A9F9CABE-F50D-43C7-8DC6-EAE2CB602010}.Debug|Any CPU.ActiveCfg = Debug|Any CPU
		{A9F9CABE-F50D-43C7-8DC6-EAE2CB602010}.Debug|Any CPU.Build.0 = Debug|Any CPU
		{A9F9CABE-F50D-43C7-8DC6-EAE2CB602010}.Release|Any CPU.ActiveCfg = Release|Any CPU
		{A9F9CABE-F50D-43C7-8DC6-EAE2CB602010}.Release|Any CPU.Build.0 = Release|Any CPU
	EndGlobalSection
	GlobalSection(SolutionProperties) = preSolution
		HideSolutionNode = FALSE
	EndGlobalSection
	GlobalSection(ExtensibilityGlobals) = postSolution
		SolutionGuid = {C9CBC3C8-EBFC-4A2A-AF14-497EB16AC138}
	EndGlobalSection
EndGlobal
