
Microsoft Visual Studio Solution File, Format Version 12.00
# Visual Studio Version 16
VisualStudioVersion = 16.0.31205.134
MinimumVisualStudioVersion = 10.0.40219.1
Project("{FAE04EC0-301F-11D3-BF4B-00C04F79EFBC}") = "EventBus.Sample", "EventBus.Sample\EventBus.Sample.csproj", "{9C9D9292-954C-4AC2-9325-3D74B417539A}"
EndProject
Project("{FAE04EC0-301F-11D3-BF4B-00C04F79EFBC}") = "EventBus", "EventBus\EventBus.csproj", "{58BB916F-02CE-4F2B-B8C0-7E9163ADEDA5}"
EndProject
Project("{FAE04EC0-301F-11D3-BF4B-00C04F79EFBC}") = "EventBus.Test", "EventBus.Test\EventBus.Test.csproj", "{AE684CA5-6719-4799-BA0B-9F4BE02944CC}"
EndProject
Global
	GlobalSection(SolutionConfigurationPlatforms) = preSolution
		Debug|Any CPU = Debug|Any CPU
		Release|Any CPU = Release|Any CPU
	EndGlobalSection
	GlobalSection(ProjectConfigurationPlatforms) = postSolution
		{9C9D9292-954C-4AC2-9325-3D74B417539A}.Debug|Any CPU.ActiveCfg = Debug|Any CPU
		{9C9D9292-954C-4AC2-9325-3D74B417539A}.Debug|Any CPU.Build.0 = Debug|Any CPU
		{9C9D9292-954C-4AC2-9325-3D74B417539A}.Release|Any CPU.ActiveCfg = Release|Any CPU
		{9C9D9292-954C-4AC2-9325-3D74B417539A}.Release|Any CPU.Build.0 = Release|Any CPU
		{58BB916F-02CE-4F2B-B8C0-7E9163ADEDA5}.Debug|Any CPU.ActiveCfg = Debug|Any CPU
		{58BB916F-02CE-4F2B-B8C0-7E9163ADEDA5}.Debug|Any CPU.Build.0 = Debug|Any CPU
		{58BB916F-02CE-4F2B-B8C0-7E9163ADEDA5}.Release|Any CPU.ActiveCfg = Release|Any CPU
		{58BB916F-02CE-4F2B-B8C0-7E9163ADEDA5}.Release|Any CPU.Build.0 = Release|Any CPU
		{AE684CA5-6719-4799-BA0B-9F4BE02944CC}.Debug|Any CPU.ActiveCfg = Debug|Any CPU
		{AE684CA5-6719-4799-BA0B-9F4BE02944CC}.Debug|Any CPU.Build.0 = Debug|Any CPU
		{AE684CA5-6719-4799-BA0B-9F4BE02944CC}.Release|Any CPU.ActiveCfg = Release|Any CPU
		{AE684CA5-6719-4799-BA0B-9F4BE02944CC}.Release|Any CPU.Build.0 = Release|Any CPU
	EndGlobalSection
	GlobalSection(SolutionProperties) = preSolution
		HideSolutionNode = FALSE
	EndGlobalSection
	GlobalSection(ExtensibilityGlobals) = postSolution
		SolutionGuid = {A1DFC891-F88A-425C-822D-2D2F79976843}
	EndGlobalSection
EndGlobal
