
Microsoft Visual Studio Solution File, Format Version 12.00
# Visual Studio Version 16
VisualStudioVersion = 16.0.31205.134
MinimumVisualStudioVersion = 10.0.40219.1
Project("{FAE04EC0-301F-11D3-BF4B-00C04F79EFBC}") = "RarOrZip.Sample", "RarOrZip.Sample\RarOrZip.Sample.csproj", "{3E31E3AC-1C8B-4DB6-9924-35647B6252E4}"
EndProject
Global
	GlobalSection(SolutionConfigurationPlatforms) = preSolution
		Debug|Any CPU = Debug|Any CPU
		Release|Any CPU = Release|Any CPU
	EndGlobalSection
	GlobalSection(ProjectConfigurationPlatforms) = postSolution
		{3E31E3AC-1C8B-4DB6-9924-35647B6252E4}.Debug|Any CPU.ActiveCfg = Debug|Any CPU
		{3E31E3AC-1C8B-4DB6-9924-35647B6252E4}.Debug|Any CPU.Build.0 = Debug|Any CPU
		{3E31E3AC-1C8B-4DB6-9924-35647B6252E4}.Release|Any CPU.ActiveCfg = Release|Any CPU
		{3E31E3AC-1C8B-4DB6-9924-35647B6252E4}.Release|Any CPU.Build.0 = Release|Any CPU
	EndGlobalSection
	GlobalSection(SolutionProperties) = preSolution
		HideSolutionNode = FALSE
	EndGlobalSection
	GlobalSection(ExtensibilityGlobals) = postSolution
		SolutionGuid = {83F73B04-1839-413B-B3A0-CFCA107141FA}
	EndGlobalSection
EndGlobal
