
Microsoft Visual Studio Solution File, Format Version 12.00
# Visual Studio Version 16
VisualStudioVersion = 16.0.31205.134
MinimumVisualStudioVersion = 10.0.40219.1
Project("{FAE04EC0-301F-11D3-BF4B-00C04F79EFBC}") = "Snowflake.Sample", "Snowflake.Sample\Snowflake.Sample.csproj", "{2BD2A0D0-C3A9-4189-8470-45B1ED4DC14B}"
EndProject
Global
	GlobalSection(SolutionConfigurationPlatforms) = preSolution
		Debug|Any CPU = Debug|Any CPU
		Release|Any CPU = Release|Any CPU
	EndGlobalSection
	GlobalSection(ProjectConfigurationPlatforms) = postSolution
		{2BD2A0D0-C3A9-4189-8470-45B1ED4DC14B}.Debug|Any CPU.ActiveCfg = Debug|Any CPU
		{2BD2A0D0-C3A9-4189-8470-45B1ED4DC14B}.Debug|Any CPU.Build.0 = Debug|Any CPU
		{2BD2A0D0-C3A9-4189-8470-45B1ED4DC14B}.Release|Any CPU.ActiveCfg = Release|Any CPU
		{2BD2A0D0-C3A9-4189-8470-45B1ED4DC14B}.Release|Any CPU.Build.0 = Release|Any CPU
	EndGlobalSection
	GlobalSection(SolutionProperties) = preSolution
		HideSolutionNode = FALSE
	EndGlobalSection
	GlobalSection(ExtensibilityGlobals) = postSolution
		SolutionGuid = {8D462C2B-1276-4E37-BBE3-7667298D2ED0}
	EndGlobalSection
EndGlobal
