
Microsoft Visual Studio Solution File, Format Version 12.00
# Visual Studio Version 16
VisualStudioVersion = 16.0.29020.237
MinimumVisualStudioVersion = 10.0.40219.1
Project("{9A19103F-16F7-4668-BE54-9A1E7A4F7556}") = "VueAdmin.Domain", "src\VueAdmin.Domain\VueAdmin.Domain.csproj", "{554AD327-6DBA-4F8F-96F8-81CE7A0C863F}"
EndProject
Project("{9A19103F-16F7-4668-BE54-9A1E7A4F7556}") = "VueAdmin.Application", "src\VueAdmin.Application\VueAdmin.Application.csproj", "{1A94A50E-06DC-43C1-80B5-B662820EC3EB}"
EndProject
Project("{9A19103F-16F7-4668-BE54-9A1E7A4F7556}") = "VueAdmin.EntityFrameworkCore", "src\VueAdmin.EntityFrameworkCore\VueAdmin.EntityFrameworkCore.csproj", "{C956DD76-69C8-4A9C-83EA-D17DF83340FD}"
EndProject
Project("{2150E333-8FDC-42A3-9474-1A3956D46DE8}") = "src", "src", "{CA9AC87F-097E-4F15-8393-4BC07735A5B0}"
EndProject
Project("{9A19103F-16F7-4668-BE54-9A1E7A4F7556}") = "VueAdmin.EntityFrameworkCore.DbMigrations", "src\VueAdmin.EntityFrameworkCore.DbMigrations\VueAdmin.EntityFrameworkCore.DbMigrations.csproj", "{0372FA84-C517-4EB3-9A9F-B9ACAC0CA5E0}"
EndProject
Project("{9A19103F-16F7-4668-BE54-9A1E7A4F7556}") = "VueAdmin.Domain.Shared", "src\VueAdmin.Domain.Shared\VueAdmin.Domain.Shared.csproj", "{42F719ED-8413-4895-B5B4-5AB56079BC66}"
EndProject
Project("{9A19103F-16F7-4668-BE54-9A1E7A4F7556}") = "VueAdmin.Application.Contracts", "src\VueAdmin.Application.Contracts\VueAdmin.Application.Contracts.csproj", "{520659C8-C734-4298-A3DA-B539DB9DFC0B}"
EndProject
Project("{9A19103F-16F7-4668-BE54-9A1E7A4F7556}") = "VueAdmin.HttpApi", "src\VueAdmin.HttpApi\VueAdmin.HttpApi.csproj", "{4164BDF7-F527-4E85-9CE6-E3C2D7426A27}"
EndProject
Project("{9A19103F-16F7-4668-BE54-9A1E7A4F7556}") = "VueAdmin.HttpApi.Host", "src\VueAdmin.HttpApi.Host\VueAdmin.HttpApi.Host.csproj", "{748584B1-BA69-4F6A-81AA-F4BDE6BCE29D}"
EndProject
Project("{9A19103F-16F7-4668-BE54-9A1E7A4F7556}") = "VueAdmin.Application.Caching", "src\VueAdmin.Application.Caching\VueAdmin.Application.Caching.csproj", "{6951A164-25A8-422C-B8A6-488B900692EE}"
EndProject
Project("{9A19103F-16F7-4668-BE54-9A1E7A4F7556}") = "VueAdmin.Swagger", "src\VueAdmin.Swagger\VueAdmin.Swagger.csproj", "{8D0B966A-634D-479A-9F3B-47A9F7A83F1B}"
EndProject
Project("{9A19103F-16F7-4668-BE54-9A1E7A4F7556}") = "VueAdmin.Common", "src\VueAdmin.Common\VueAdmin.Common.csproj", "{A8BD1260-5AB9-468E-830A-A9172DB9B214}"
EndProject
Project("{9A19103F-16F7-4668-BE54-9A1E7A4F7556}") = "VueAdmin.Jobs", "src\VueAdmin.Jobs\VueAdmin.Jobs.csproj", "{9EC23081-A3AA-49BC-9C65-44F29D3CAAB7}"
EndProject
Project("{9A19103F-16F7-4668-BE54-9A1E7A4F7556}") = "VueAdmin.WebApp", "src\VueAdmin.WebApp\VueAdmin.WebApp.csproj", "{26454DFD-5E9A-49DA-A2BD-EAF9767B03B6}"
EndProject
Project("{9A19103F-16F7-4668-BE54-9A1E7A4F7556}") = "VueAdmin.Application.EventBus", "src\VueAdmin.Application.EventBus\VueAdmin.Application.EventBus.csproj", "{12D3BDBF-99B1-430E-9F8B-C25731BD560D}"
EndProject
Global
	GlobalSection(SolutionConfigurationPlatforms) = preSolution
		Debug|Any CPU = Debug|Any CPU
		Release|Any CPU = Release|Any CPU
	EndGlobalSection
	GlobalSection(ProjectConfigurationPlatforms) = postSolution
		{554AD327-6DBA-4F8F-96F8-81CE7A0C863F}.Debug|Any CPU.ActiveCfg = Debug|Any CPU
		{554AD327-6DBA-4F8F-96F8-81CE7A0C863F}.Debug|Any CPU.Build.0 = Debug|Any CPU
		{554AD327-6DBA-4F8F-96F8-81CE7A0C863F}.Release|Any CPU.ActiveCfg = Release|Any CPU
		{554AD327-6DBA-4F8F-96F8-81CE7A0C863F}.Release|Any CPU.Build.0 = Release|Any CPU
		{1A94A50E-06DC-43C1-80B5-B662820EC3EB}.Debug|Any CPU.ActiveCfg = Debug|Any CPU
		{1A94A50E-06DC-43C1-80B5-B662820EC3EB}.Debug|Any CPU.Build.0 = Debug|Any CPU
		{1A94A50E-06DC-43C1-80B5-B662820EC3EB}.Release|Any CPU.ActiveCfg = Release|Any CPU
		{1A94A50E-06DC-43C1-80B5-B662820EC3EB}.Release|Any CPU.Build.0 = Release|Any CPU
		{C956DD76-69C8-4A9C-83EA-D17DF83340FD}.Debug|Any CPU.ActiveCfg = Debug|Any CPU
		{C956DD76-69C8-4A9C-83EA-D17DF83340FD}.Debug|Any CPU.Build.0 = Debug|Any CPU
		{C956DD76-69C8-4A9C-83EA-D17DF83340FD}.Release|Any CPU.ActiveCfg = Release|Any CPU
		{C956DD76-69C8-4A9C-83EA-D17DF83340FD}.Release|Any CPU.Build.0 = Release|Any CPU
		{0372FA84-C517-4EB3-9A9F-B9ACAC0CA5E0}.Debug|Any CPU.ActiveCfg = Debug|Any CPU
		{0372FA84-C517-4EB3-9A9F-B9ACAC0CA5E0}.Debug|Any CPU.Build.0 = Debug|Any CPU
		{0372FA84-C517-4EB3-9A9F-B9ACAC0CA5E0}.Release|Any CPU.ActiveCfg = Release|Any CPU
		{0372FA84-C517-4EB3-9A9F-B9ACAC0CA5E0}.Release|Any CPU.Build.0 = Release|Any CPU
		{42F719ED-8413-4895-B5B4-5AB56079BC66}.Debug|Any CPU.ActiveCfg = Debug|Any CPU
		{42F719ED-8413-4895-B5B4-5AB56079BC66}.Debug|Any CPU.Build.0 = Debug|Any CPU
		{42F719ED-8413-4895-B5B4-5AB56079BC66}.Release|Any CPU.ActiveCfg = Release|Any CPU
		{42F719ED-8413-4895-B5B4-5AB56079BC66}.Release|Any CPU.Build.0 = Release|Any CPU
		{520659C8-C734-4298-A3DA-B539DB9DFC0B}.Debug|Any CPU.ActiveCfg = Debug|Any CPU
		{520659C8-C734-4298-A3DA-B539DB9DFC0B}.Debug|Any CPU.Build.0 = Debug|Any CPU
		{520659C8-C734-4298-A3DA-B539DB9DFC0B}.Release|Any CPU.ActiveCfg = Release|Any CPU
		{520659C8-C734-4298-A3DA-B539DB9DFC0B}.Release|Any CPU.Build.0 = Release|Any CPU
		{4164BDF7-F527-4E85-9CE6-E3C2D7426A27}.Debug|Any CPU.ActiveCfg = Debug|Any CPU
		{4164BDF7-F527-4E85-9CE6-E3C2D7426A27}.Debug|Any CPU.Build.0 = Debug|Any CPU
		{4164BDF7-F527-4E85-9CE6-E3C2D7426A27}.Release|Any CPU.ActiveCfg = Release|Any CPU
		{4164BDF7-F527-4E85-9CE6-E3C2D7426A27}.Release|Any CPU.Build.0 = Release|Any CPU
		{748584B1-BA69-4F6A-81AA-F4BDE6BCE29D}.Debug|Any CPU.ActiveCfg = Debug|Any CPU
		{748584B1-BA69-4F6A-81AA-F4BDE6BCE29D}.Debug|Any CPU.Build.0 = Debug|Any CPU
		{748584B1-BA69-4F6A-81AA-F4BDE6BCE29D}.Release|Any CPU.ActiveCfg = Release|Any CPU
		{748584B1-BA69-4F6A-81AA-F4BDE6BCE29D}.Release|Any CPU.Build.0 = Release|Any CPU
		{6951A164-25A8-422C-B8A6-488B900692EE}.Debug|Any CPU.ActiveCfg = Debug|Any CPU
		{6951A164-25A8-422C-B8A6-488B900692EE}.Debug|Any CPU.Build.0 = Debug|Any CPU
		{6951A164-25A8-422C-B8A6-488B900692EE}.Release|Any CPU.ActiveCfg = Release|Any CPU
		{6951A164-25A8-422C-B8A6-488B900692EE}.Release|Any CPU.Build.0 = Release|Any CPU
		{8D0B966A-634D-479A-9F3B-47A9F7A83F1B}.Debug|Any CPU.ActiveCfg = Debug|Any CPU
		{8D0B966A-634D-479A-9F3B-47A9F7A83F1B}.Debug|Any CPU.Build.0 = Debug|Any CPU
		{8D0B966A-634D-479A-9F3B-47A9F7A83F1B}.Release|Any CPU.ActiveCfg = Release|Any CPU
		{8D0B966A-634D-479A-9F3B-47A9F7A83F1B}.Release|Any CPU.Build.0 = Release|Any CPU
		{A8BD1260-5AB9-468E-830A-A9172DB9B214}.Debug|Any CPU.ActiveCfg = Debug|Any CPU
		{A8BD1260-5AB9-468E-830A-A9172DB9B214}.Debug|Any CPU.Build.0 = Debug|Any CPU
		{A8BD1260-5AB9-468E-830A-A9172DB9B214}.Release|Any CPU.ActiveCfg = Release|Any CPU
		{A8BD1260-5AB9-468E-830A-A9172DB9B214}.Release|Any CPU.Build.0 = Release|Any CPU
		{9EC23081-A3AA-49BC-9C65-44F29D3CAAB7}.Debug|Any CPU.ActiveCfg = Debug|Any CPU
		{9EC23081-A3AA-49BC-9C65-44F29D3CAAB7}.Debug|Any CPU.Build.0 = Debug|Any CPU
		{9EC23081-A3AA-49BC-9C65-44F29D3CAAB7}.Release|Any CPU.ActiveCfg = Release|Any CPU
		{9EC23081-A3AA-49BC-9C65-44F29D3CAAB7}.Release|Any CPU.Build.0 = Release|Any CPU
		{26454DFD-5E9A-49DA-A2BD-EAF9767B03B6}.Debug|Any CPU.ActiveCfg = Debug|Any CPU
		{26454DFD-5E9A-49DA-A2BD-EAF9767B03B6}.Debug|Any CPU.Build.0 = Debug|Any CPU
		{26454DFD-5E9A-49DA-A2BD-EAF9767B03B6}.Release|Any CPU.ActiveCfg = Release|Any CPU
		{26454DFD-5E9A-49DA-A2BD-EAF9767B03B6}.Release|Any CPU.Build.0 = Release|Any CPU
		{12D3BDBF-99B1-430E-9F8B-C25731BD560D}.Debug|Any CPU.ActiveCfg = Debug|Any CPU
		{12D3BDBF-99B1-430E-9F8B-C25731BD560D}.Debug|Any CPU.Build.0 = Debug|Any CPU
		{12D3BDBF-99B1-430E-9F8B-C25731BD560D}.Release|Any CPU.ActiveCfg = Release|Any CPU
		{12D3BDBF-99B1-430E-9F8B-C25731BD560D}.Release|Any CPU.Build.0 = Release|Any CPU
	EndGlobalSection
	GlobalSection(SolutionProperties) = preSolution
		HideSolutionNode = FALSE
	EndGlobalSection
	GlobalSection(NestedProjects) = preSolution
		{554AD327-6DBA-4F8F-96F8-81CE7A0C863F} = {CA9AC87F-097E-4F15-8393-4BC07735A5B0}
		{1A94A50E-06DC-43C1-80B5-B662820EC3EB} = {CA9AC87F-097E-4F15-8393-4BC07735A5B0}
		{C956DD76-69C8-4A9C-83EA-D17DF83340FD} = {CA9AC87F-097E-4F15-8393-4BC07735A5B0}
		{0372FA84-C517-4EB3-9A9F-B9ACAC0CA5E0} = {CA9AC87F-097E-4F15-8393-4BC07735A5B0}
		{42F719ED-8413-4895-B5B4-5AB56079BC66} = {CA9AC87F-097E-4F15-8393-4BC07735A5B0}
		{520659C8-C734-4298-A3DA-B539DB9DFC0B} = {CA9AC87F-097E-4F15-8393-4BC07735A5B0}
		{4164BDF7-F527-4E85-9CE6-E3C2D7426A27} = {CA9AC87F-097E-4F15-8393-4BC07735A5B0}
		{748584B1-BA69-4F6A-81AA-F4BDE6BCE29D} = {CA9AC87F-097E-4F15-8393-4BC07735A5B0}
		{6951A164-25A8-422C-B8A6-488B900692EE} = {CA9AC87F-097E-4F15-8393-4BC07735A5B0}
		{8D0B966A-634D-479A-9F3B-47A9F7A83F1B} = {CA9AC87F-097E-4F15-8393-4BC07735A5B0}
		{A8BD1260-5AB9-468E-830A-A9172DB9B214} = {CA9AC87F-097E-4F15-8393-4BC07735A5B0}
		{9EC23081-A3AA-49BC-9C65-44F29D3CAAB7} = {CA9AC87F-097E-4F15-8393-4BC07735A5B0}
		{26454DFD-5E9A-49DA-A2BD-EAF9767B03B6} = {CA9AC87F-097E-4F15-8393-4BC07735A5B0}
		{12D3BDBF-99B1-430E-9F8B-C25731BD560D} = {CA9AC87F-097E-4F15-8393-4BC07735A5B0}
	EndGlobalSection
	GlobalSection(ExtensibilityGlobals) = postSolution
		SolutionGuid = {28315BFD-90E7-4E14-A2EA-F3D23AF4126F}
	EndGlobalSection
EndGlobal
