
Microsoft Visual Studio Solution File, Format Version 12.00
# Visual Studio Version 16
VisualStudioVersion = 16.0.31205.134
MinimumVisualStudioVersion = 10.0.40219.1
Project("{FAE04EC0-301F-11D3-BF4B-00C04F79EFBC}") = "Channel.Sample", "Channel.Sample\Channel.Sample.csproj", "{89D34E8C-74C8-4E4F-A88C-E7C8C97FBA73}"
EndProject
Global
	GlobalSection(SolutionConfigurationPlatforms) = preSolution
		Debug|Any CPU = Debug|Any CPU
		Release|Any CPU = Release|Any CPU
	EndGlobalSection
	GlobalSection(ProjectConfigurationPlatforms) = postSolution
		{89D34E8C-74C8-4E4F-A88C-E7C8C97FBA73}.Debug|Any CPU.ActiveCfg = Debug|Any CPU
		{89D34E8C-74C8-4E4F-A88C-E7C8C97FBA73}.Debug|Any CPU.Build.0 = Debug|Any CPU
		{89D34E8C-74C8-4E4F-A88C-E7C8C97FBA73}.Release|Any CPU.ActiveCfg = Release|Any CPU
		{89D34E8C-74C8-4E4F-A88C-E7C8C97FBA73}.Release|Any CPU.Build.0 = Release|Any CPU
	EndGlobalSection
	GlobalSection(SolutionProperties) = preSolution
		HideSolutionNode = FALSE
	EndGlobalSection
	GlobalSection(ExtensibilityGlobals) = postSolution
		SolutionGuid = {D1B48FC3-E497-40E7-9E56-5C2715EF5E8A}
	EndGlobalSection
EndGlobal
