
Microsoft Visual Studio Solution File, Format Version 12.00
# Visual Studio Version 16
VisualStudioVersion = 16.0.31402.337
MinimumVisualStudioVersion = 10.0.40219.1
Project("{FAE04EC0-301F-11D3-BF4B-00C04F79EFBC}") = "AutoMapperApp", "AutoMapperApp\AutoMapperApp.csproj", "{1B5B7AE5-A573-4DE0-A547-D06126A98BED}"
EndProject
Global
	GlobalSection(SolutionConfigurationPlatforms) = preSolution
		Debug|Any CPU = Debug|Any CPU
		Release|Any CPU = Release|Any CPU
	EndGlobalSection
	GlobalSection(ProjectConfigurationPlatforms) = postSolution
		{1B5B7AE5-A573-4DE0-A547-D06126A98BED}.Debug|Any CPU.ActiveCfg = Debug|Any CPU
		{1B5B7AE5-A573-4DE0-A547-D06126A98BED}.Debug|Any CPU.Build.0 = Debug|Any CPU
		{1B5B7AE5-A573-4DE0-A547-D06126A98BED}.Release|Any CPU.ActiveCfg = Release|Any CPU
		{1B5B7AE5-A573-4DE0-A547-D06126A98BED}.Release|Any CPU.Build.0 = Release|Any CPU
	EndGlobalSection
	GlobalSection(SolutionProperties) = preSolution
		HideSolutionNode = FALSE
	EndGlobalSection
	GlobalSection(ExtensibilityGlobals) = postSolution
		SolutionGuid = {E7FBF1E7-FAAD-4ED1-B1B7-DB3223CB21E3}
	EndGlobalSection
EndGlobal
