
Microsoft Visual Studio Solution File, Format Version 12.00
# Visual Studio Version 16
VisualStudioVersion = 16.0.31402.337
MinimumVisualStudioVersion = 10.0.40219.1
Project("{9A19103F-16F7-4668-BE54-9A1E7A4F7556}") = "NacosApp1", "NacosApp1\NacosApp1.csproj", "{AB57186F-08BC-4E06-BBA4-632FA4173EBE}"
EndProject
Project("{9A19103F-16F7-4668-BE54-9A1E7A4F7556}") = "NacosApp2", "NacosApp2\NacosApp2.csproj", "{EC4C92C9-EF51-454A-8474-4F18427C2118}"
EndProject
Project("{9A19103F-16F7-4668-BE54-9A1E7A4F7556}") = "App1", "App1\App1.csproj", "{7B318CB6-8B83-41E4-B3BD-E216FDC4138B}"
EndProject
Project("{9A19103F-16F7-4668-BE54-9A1E7A4F7556}") = "App2", "App2\App2.csproj", "{BF9B8210-BC19-4073-9701-2AA4CEBFD82A}"
EndProject
Global
	GlobalSection(SolutionConfigurationPlatforms) = preSolution
		Debug|Any CPU = Debug|Any CPU
		Release|Any CPU = Release|Any CPU
	EndGlobalSection
	GlobalSection(ProjectConfigurationPlatforms) = postSolution
		{AB57186F-08BC-4E06-BBA4-632FA4173EBE}.Debug|Any CPU.ActiveCfg = Debug|Any CPU
		{AB57186F-08BC-4E06-BBA4-632FA4173EBE}.Debug|Any CPU.Build.0 = Debug|Any CPU
		{AB57186F-08BC-4E06-BBA4-632FA4173EBE}.Release|Any CPU.ActiveCfg = Release|Any CPU
		{AB57186F-08BC-4E06-BBA4-632FA4173EBE}.Release|Any CPU.Build.0 = Release|Any CPU
		{EC4C92C9-EF51-454A-8474-4F18427C2118}.Debug|Any CPU.ActiveCfg = Debug|Any CPU
		{EC4C92C9-EF51-454A-8474-4F18427C2118}.Debug|Any CPU.Build.0 = Debug|Any CPU
		{EC4C92C9-EF51-454A-8474-4F18427C2118}.Release|Any CPU.ActiveCfg = Release|Any CPU
		{EC4C92C9-EF51-454A-8474-4F18427C2118}.Release|Any CPU.Build.0 = Release|Any CPU
		{7B318CB6-8B83-41E4-B3BD-E216FDC4138B}.Debug|Any CPU.ActiveCfg = Debug|Any CPU
		{7B318CB6-8B83-41E4-B3BD-E216FDC4138B}.Debug|Any CPU.Build.0 = Debug|Any CPU
		{7B318CB6-8B83-41E4-B3BD-E216FDC4138B}.Release|Any CPU.ActiveCfg = Release|Any CPU
		{7B318CB6-8B83-41E4-B3BD-E216FDC4138B}.Release|Any CPU.Build.0 = Release|Any CPU
		{BF9B8210-BC19-4073-9701-2AA4CEBFD82A}.Debug|Any CPU.ActiveCfg = Debug|Any CPU
		{BF9B8210-BC19-4073-9701-2AA4CEBFD82A}.Debug|Any CPU.Build.0 = Debug|Any CPU
		{BF9B8210-BC19-4073-9701-2AA4CEBFD82A}.Release|Any CPU.ActiveCfg = Release|Any CPU
		{BF9B8210-BC19-4073-9701-2AA4CEBFD82A}.Release|Any CPU.Build.0 = Release|Any CPU
	EndGlobalSection
	GlobalSection(SolutionProperties) = preSolution
		HideSolutionNode = FALSE
	EndGlobalSection
	GlobalSection(ExtensibilityGlobals) = postSolution
		SolutionGuid = {C040F0F3-F5B6-4CA0-BBAD-AD1959AE00C6}
	EndGlobalSection
EndGlobal
