
Microsoft Visual Studio Solution File, Format Version 12.00
# Visual Studio Version 16
VisualStudioVersion = 16.0.31313.79
MinimumVisualStudioVersion = 10.0.40219.1
Project("{9A19103F-16F7-4668-BE54-9A1E7A4F7556}") = "Id4Server", "Id4Server\Id4Server.csproj", "{C1AD9575-7D8E-49A8-AC2E-C8B8DB9869CA}"
EndProject
Project("{FAE04EC0-301F-11D3-BF4B-00C04F79EFBC}") = "Id4Quickstart", "Id4Quickstart\Id4Quickstart.csproj", "{71E6551E-3CBE-4DB3-951A-3DFD0E29F721}"
EndProject
Global
	GlobalSection(SolutionConfigurationPlatforms) = preSolution
		Debug|Any CPU = Debug|Any CPU
		Release|Any CPU = Release|Any CPU
	EndGlobalSection
	GlobalSection(ProjectConfigurationPlatforms) = postSolution
		{C1AD9575-7D8E-49A8-AC2E-C8B8DB9869CA}.Debug|Any CPU.ActiveCfg = Debug|Any CPU
		{C1AD9575-7D8E-49A8-AC2E-C8B8DB9869CA}.Debug|Any CPU.Build.0 = Debug|Any CPU
		{C1AD9575-7D8E-49A8-AC2E-C8B8DB9869CA}.Release|Any CPU.ActiveCfg = Release|Any CPU
		{C1AD9575-7D8E-49A8-AC2E-C8B8DB9869CA}.Release|Any CPU.Build.0 = Release|Any CPU
		{71E6551E-3CBE-4DB3-951A-3DFD0E29F721}.Debug|Any CPU.ActiveCfg = Debug|Any CPU
		{71E6551E-3CBE-4DB3-951A-3DFD0E29F721}.Debug|Any CPU.Build.0 = Debug|Any CPU
		{71E6551E-3CBE-4DB3-951A-3DFD0E29F721}.Release|Any CPU.ActiveCfg = Release|Any CPU
		{71E6551E-3CBE-4DB3-951A-3DFD0E29F721}.Release|Any CPU.Build.0 = Release|Any CPU
	EndGlobalSection
	GlobalSection(SolutionProperties) = preSolution
		HideSolutionNode = FALSE
	EndGlobalSection
	GlobalSection(ExtensibilityGlobals) = postSolution
		SolutionGuid = {F1A395E3-2D54-4063-9960-027E5F28DC2C}
	EndGlobalSection
EndGlobal
