
Microsoft Visual Studio Solution File, Format Version 12.00
# Visual Studio Version 16
VisualStudioVersion = 16.0.31313.79
MinimumVisualStudioVersion = 10.0.40219.1
Project("{9A19103F-16F7-4668-BE54-9A1E7A4F7556}") = "OAuth.IdentityServer4.Quickstart", "OAuth.IdentityServer4.Quickstart\OAuth.IdentityServer4.Quickstart.csproj", "{1AFA48E3-4718-4F50-B6C6-5912F9ADD8E6}"
EndProject
Project("{2150E333-8FDC-42A3-9474-1A3956D46DE8}") = "客户端凭证模式(ClientCredentials)", "客户端凭证模式(ClientCredentials)", "{2921C525-0D78-442D-9601-66EB64C1156C}"
EndProject
Project("{9A19103F-16F7-4668-BE54-9A1E7A4F7556}") = "ClientCredentials.IdentityServer4.Server", "ClientCredentials.IdentityServer4.Server\ClientCredentials.IdentityServer4.Server.csproj", "{FE61006C-E011-4FBE-8BF1-C3A61667B962}"
EndProject
Project("{9A19103F-16F7-4668-BE54-9A1E7A4F7556}") = "ClientCredentials.IdentityServer4.API", "ClientCredentials.IdentityServer4.API\ClientCredentials.IdentityServer4.API.csproj", "{10DA675D-748F-4B21-BFD9-E80656F05FA9}"
EndProject
Project("{9A19103F-16F7-4668-BE54-9A1E7A4F7556}") = "ClientCredentials.IdentityServer4.Client", "ClientCredentials.IdentityServer4.Client\ClientCredentials.IdentityServer4.Client.csproj", "{538F3981-8B2B-49EB-91F5-3296171F9DF3}"
EndProject
Project("{2150E333-8FDC-42A3-9474-1A3956D46DE8}") = "资源密码凭证模式(ResourceOwnerPasswords)", "资源密码凭证模式(ResourceOwnerPasswords)", "{FB2AA6AE-921D-4FF4-B75E-626A8AC4E02C}"
EndProject
Project("{9A19103F-16F7-4668-BE54-9A1E7A4F7556}") = "ResourceOwnerPasswords.IdentityServer4.Server", "ResourceOwnerPasswords.IdentityServer4.Server\ResourceOwnerPasswords.IdentityServer4.Server.csproj", "{8D15F1E5-4C7D-4F69-89E5-9B8B647F77A7}"
EndProject
Project("{9A19103F-16F7-4668-BE54-9A1E7A4F7556}") = "ResourceOwnerPasswords.IdentityServer4.API", "ResourceOwnerPasswords.IdentityServer4.API\ResourceOwnerPasswords.IdentityServer4.API.csproj", "{BAAA714E-66D0-46CE-BB48-3A2CB575192E}"
EndProject
Project("{9A19103F-16F7-4668-BE54-9A1E7A4F7556}") = "ResourceOwnerPasswords.IdentityServer4.Client", "ResourceOwnerPasswords.IdentityServer4.Client\ResourceOwnerPasswords.IdentityServer4.Client.csproj", "{548C2BD7-D812-4E6F-A9A8-EF0BA59A96EE}"
EndProject
Project("{2150E333-8FDC-42A3-9474-1A3956D46DE8}") = "简化模式(ImplicitGrantType)", "简化模式(ImplicitGrantType)", "{7C186F7A-FD36-47A8-8C75-014457D2C094}"
EndProject
Project("{9A19103F-16F7-4668-BE54-9A1E7A4F7556}") = "ImplicitGrantType.IdentityServer4.Server", "ImplicitGrantType.IdentityServer4.Server\ImplicitGrantType.IdentityServer4.Server.csproj", "{DC9E799F-CE70-4060-A877-49A59F27E072}"
EndProject
Project("{9A19103F-16F7-4668-BE54-9A1E7A4F7556}") = "ImplicitGrantType.IdentityServer4.Mvc", "ImplicitGrantType.IdentityServer4.Mvc\ImplicitGrantType.IdentityServer4.Mvc.csproj", "{69F2EB00-3FCA-438A-80D5-FE922752C7E9}"
EndProject
Project("{2150E333-8FDC-42A3-9474-1A3956D46DE8}") = "授权码模式(AuthorizationCode)", "授权码模式(AuthorizationCode)", "{25023375-352A-432A-8F11-448D65D82FBD}"
EndProject
Project("{9A19103F-16F7-4668-BE54-9A1E7A4F7556}") = "AuthorizationCode.IdentityServer4.Server", "AuthorizationCode.IdentityServer4.Server\AuthorizationCode.IdentityServer4.Server.csproj", "{6B14E15C-7382-43A8-855D-14B8E610F3FC}"
EndProject
Project("{9A19103F-16F7-4668-BE54-9A1E7A4F7556}") = "AuthorizationCode.IdentityServer4.API", "AuthorizationCode.IdentityServer4.API\AuthorizationCode.IdentityServer4.API.csproj", "{44C7B761-00AC-4298-8389-2D0644284605}"
EndProject
Project("{9A19103F-16F7-4668-BE54-9A1E7A4F7556}") = "AuthorizationCode.IdentityServer4.Mvc", "AuthorizationCode.IdentityServer4.MVC\AuthorizationCode.IdentityServer4.Mvc.csproj", "{858CF849-F102-4F11-9995-89C43FFBCD95}"
EndProject
Project("{2150E333-8FDC-42A3-9474-1A3956D46DE8}") = "混合模式(HybridFlow)", "混合模式(HybridFlow)", "{C1C9227E-69F5-4135-8A78-0A25426AB1A4}"
EndProject
Project("{9A19103F-16F7-4668-BE54-9A1E7A4F7556}") = "HybridFlow.IdentityServer4.Server", "HybridFlow.IdentityServer4.Server\HybridFlow.IdentityServer4.Server.csproj", "{D2CD9EEA-32A4-421C-8309-2BB9D140F409}"
EndProject
Project("{9A19103F-16F7-4668-BE54-9A1E7A4F7556}") = "HybridFlow.IdentityServer4.API", "HybridFlow.IdentityServer4.API\HybridFlow.IdentityServer4.API.csproj", "{0CC960DB-7A33-4ADC-B37F-D2486618D098}"
EndProject
Project("{9A19103F-16F7-4668-BE54-9A1E7A4F7556}") = "HybridFlow.IdentityServer4.Mvc", "HybridFlow.IdentityServer4.Mvc\HybridFlow.IdentityServer4.Mvc.csproj", "{F3E5CF7B-E23B-48A7-8F18-11278E64A3CF}"
EndProject
Global
	GlobalSection(SolutionConfigurationPlatforms) = preSolution
		Debug|Any CPU = Debug|Any CPU
		Release|Any CPU = Release|Any CPU
	EndGlobalSection
	GlobalSection(ProjectConfigurationPlatforms) = postSolution
		{1AFA48E3-4718-4F50-B6C6-5912F9ADD8E6}.Debug|Any CPU.ActiveCfg = Debug|Any CPU
		{1AFA48E3-4718-4F50-B6C6-5912F9ADD8E6}.Debug|Any CPU.Build.0 = Debug|Any CPU
		{1AFA48E3-4718-4F50-B6C6-5912F9ADD8E6}.Release|Any CPU.ActiveCfg = Release|Any CPU
		{1AFA48E3-4718-4F50-B6C6-5912F9ADD8E6}.Release|Any CPU.Build.0 = Release|Any CPU
		{FE61006C-E011-4FBE-8BF1-C3A61667B962}.Debug|Any CPU.ActiveCfg = Debug|Any CPU
		{FE61006C-E011-4FBE-8BF1-C3A61667B962}.Debug|Any CPU.Build.0 = Debug|Any CPU
		{FE61006C-E011-4FBE-8BF1-C3A61667B962}.Release|Any CPU.ActiveCfg = Release|Any CPU
		{FE61006C-E011-4FBE-8BF1-C3A61667B962}.Release|Any CPU.Build.0 = Release|Any CPU
		{10DA675D-748F-4B21-BFD9-E80656F05FA9}.Debug|Any CPU.ActiveCfg = Debug|Any CPU
		{10DA675D-748F-4B21-BFD9-E80656F05FA9}.Debug|Any CPU.Build.0 = Debug|Any CPU
		{10DA675D-748F-4B21-BFD9-E80656F05FA9}.Release|Any CPU.ActiveCfg = Release|Any CPU
		{10DA675D-748F-4B21-BFD9-E80656F05FA9}.Release|Any CPU.Build.0 = Release|Any CPU
		{538F3981-8B2B-49EB-91F5-3296171F9DF3}.Debug|Any CPU.ActiveCfg = Debug|Any CPU
		{538F3981-8B2B-49EB-91F5-3296171F9DF3}.Debug|Any CPU.Build.0 = Debug|Any CPU
		{538F3981-8B2B-49EB-91F5-3296171F9DF3}.Release|Any CPU.ActiveCfg = Release|Any CPU
		{538F3981-8B2B-49EB-91F5-3296171F9DF3}.Release|Any CPU.Build.0 = Release|Any CPU
		{8D15F1E5-4C7D-4F69-89E5-9B8B647F77A7}.Debug|Any CPU.ActiveCfg = Debug|Any CPU
		{8D15F1E5-4C7D-4F69-89E5-9B8B647F77A7}.Debug|Any CPU.Build.0 = Debug|Any CPU
		{8D15F1E5-4C7D-4F69-89E5-9B8B647F77A7}.Release|Any CPU.ActiveCfg = Release|Any CPU
		{8D15F1E5-4C7D-4F69-89E5-9B8B647F77A7}.Release|Any CPU.Build.0 = Release|Any CPU
		{BAAA714E-66D0-46CE-BB48-3A2CB575192E}.Debug|Any CPU.ActiveCfg = Debug|Any CPU
		{BAAA714E-66D0-46CE-BB48-3A2CB575192E}.Debug|Any CPU.Build.0 = Debug|Any CPU
		{BAAA714E-66D0-46CE-BB48-3A2CB575192E}.Release|Any CPU.ActiveCfg = Release|Any CPU
		{BAAA714E-66D0-46CE-BB48-3A2CB575192E}.Release|Any CPU.Build.0 = Release|Any CPU
		{548C2BD7-D812-4E6F-A9A8-EF0BA59A96EE}.Debug|Any CPU.ActiveCfg = Debug|Any CPU
		{548C2BD7-D812-4E6F-A9A8-EF0BA59A96EE}.Debug|Any CPU.Build.0 = Debug|Any CPU
		{548C2BD7-D812-4E6F-A9A8-EF0BA59A96EE}.Release|Any CPU.ActiveCfg = Release|Any CPU
		{548C2BD7-D812-4E6F-A9A8-EF0BA59A96EE}.Release|Any CPU.Build.0 = Release|Any CPU
		{DC9E799F-CE70-4060-A877-49A59F27E072}.Debug|Any CPU.ActiveCfg = Debug|Any CPU
		{DC9E799F-CE70-4060-A877-49A59F27E072}.Debug|Any CPU.Build.0 = Debug|Any CPU
		{DC9E799F-CE70-4060-A877-49A59F27E072}.Release|Any CPU.ActiveCfg = Release|Any CPU
		{DC9E799F-CE70-4060-A877-49A59F27E072}.Release|Any CPU.Build.0 = Release|Any CPU
		{69F2EB00-3FCA-438A-80D5-FE922752C7E9}.Debug|Any CPU.ActiveCfg = Debug|Any CPU
		{69F2EB00-3FCA-438A-80D5-FE922752C7E9}.Debug|Any CPU.Build.0 = Debug|Any CPU
		{69F2EB00-3FCA-438A-80D5-FE922752C7E9}.Release|Any CPU.ActiveCfg = Release|Any CPU
		{69F2EB00-3FCA-438A-80D5-FE922752C7E9}.Release|Any CPU.Build.0 = Release|Any CPU
		{6B14E15C-7382-43A8-855D-14B8E610F3FC}.Debug|Any CPU.ActiveCfg = Debug|Any CPU
		{6B14E15C-7382-43A8-855D-14B8E610F3FC}.Debug|Any CPU.Build.0 = Debug|Any CPU
		{6B14E15C-7382-43A8-855D-14B8E610F3FC}.Release|Any CPU.ActiveCfg = Release|Any CPU
		{6B14E15C-7382-43A8-855D-14B8E610F3FC}.Release|Any CPU.Build.0 = Release|Any CPU
		{44C7B761-00AC-4298-8389-2D0644284605}.Debug|Any CPU.ActiveCfg = Debug|Any CPU
		{44C7B761-00AC-4298-8389-2D0644284605}.Debug|Any CPU.Build.0 = Debug|Any CPU
		{44C7B761-00AC-4298-8389-2D0644284605}.Release|Any CPU.ActiveCfg = Release|Any CPU
		{44C7B761-00AC-4298-8389-2D0644284605}.Release|Any CPU.Build.0 = Release|Any CPU
		{858CF849-F102-4F11-9995-89C43FFBCD95}.Debug|Any CPU.ActiveCfg = Debug|Any CPU
		{858CF849-F102-4F11-9995-89C43FFBCD95}.Debug|Any CPU.Build.0 = Debug|Any CPU
		{858CF849-F102-4F11-9995-89C43FFBCD95}.Release|Any CPU.ActiveCfg = Release|Any CPU
		{858CF849-F102-4F11-9995-89C43FFBCD95}.Release|Any CPU.Build.0 = Release|Any CPU
		{D2CD9EEA-32A4-421C-8309-2BB9D140F409}.Debug|Any CPU.ActiveCfg = Debug|Any CPU
		{D2CD9EEA-32A4-421C-8309-2BB9D140F409}.Debug|Any CPU.Build.0 = Debug|Any CPU
		{D2CD9EEA-32A4-421C-8309-2BB9D140F409}.Release|Any CPU.ActiveCfg = Release|Any CPU
		{D2CD9EEA-32A4-421C-8309-2BB9D140F409}.Release|Any CPU.Build.0 = Release|Any CPU
		{0CC960DB-7A33-4ADC-B37F-D2486618D098}.Debug|Any CPU.ActiveCfg = Debug|Any CPU
		{0CC960DB-7A33-4ADC-B37F-D2486618D098}.Debug|Any CPU.Build.0 = Debug|Any CPU
		{0CC960DB-7A33-4ADC-B37F-D2486618D098}.Release|Any CPU.ActiveCfg = Release|Any CPU
		{0CC960DB-7A33-4ADC-B37F-D2486618D098}.Release|Any CPU.Build.0 = Release|Any CPU
		{F3E5CF7B-E23B-48A7-8F18-11278E64A3CF}.Debug|Any CPU.ActiveCfg = Debug|Any CPU
		{F3E5CF7B-E23B-48A7-8F18-11278E64A3CF}.Debug|Any CPU.Build.0 = Debug|Any CPU
		{F3E5CF7B-E23B-48A7-8F18-11278E64A3CF}.Release|Any CPU.ActiveCfg = Release|Any CPU
		{F3E5CF7B-E23B-48A7-8F18-11278E64A3CF}.Release|Any CPU.Build.0 = Release|Any CPU
	EndGlobalSection
	GlobalSection(SolutionProperties) = preSolution
		HideSolutionNode = FALSE
	EndGlobalSection
	GlobalSection(NestedProjects) = preSolution
		{FE61006C-E011-4FBE-8BF1-C3A61667B962} = {2921C525-0D78-442D-9601-66EB64C1156C}
		{10DA675D-748F-4B21-BFD9-E80656F05FA9} = {2921C525-0D78-442D-9601-66EB64C1156C}
		{538F3981-8B2B-49EB-91F5-3296171F9DF3} = {2921C525-0D78-442D-9601-66EB64C1156C}
		{8D15F1E5-4C7D-4F69-89E5-9B8B647F77A7} = {FB2AA6AE-921D-4FF4-B75E-626A8AC4E02C}
		{BAAA714E-66D0-46CE-BB48-3A2CB575192E} = {FB2AA6AE-921D-4FF4-B75E-626A8AC4E02C}
		{548C2BD7-D812-4E6F-A9A8-EF0BA59A96EE} = {FB2AA6AE-921D-4FF4-B75E-626A8AC4E02C}
		{DC9E799F-CE70-4060-A877-49A59F27E072} = {7C186F7A-FD36-47A8-8C75-014457D2C094}
		{69F2EB00-3FCA-438A-80D5-FE922752C7E9} = {7C186F7A-FD36-47A8-8C75-014457D2C094}
		{6B14E15C-7382-43A8-855D-14B8E610F3FC} = {25023375-352A-432A-8F11-448D65D82FBD}
		{44C7B761-00AC-4298-8389-2D0644284605} = {25023375-352A-432A-8F11-448D65D82FBD}
		{858CF849-F102-4F11-9995-89C43FFBCD95} = {25023375-352A-432A-8F11-448D65D82FBD}
		{D2CD9EEA-32A4-421C-8309-2BB9D140F409} = {C1C9227E-69F5-4135-8A78-0A25426AB1A4}
		{0CC960DB-7A33-4ADC-B37F-D2486618D098} = {C1C9227E-69F5-4135-8A78-0A25426AB1A4}
		{F3E5CF7B-E23B-48A7-8F18-11278E64A3CF} = {C1C9227E-69F5-4135-8A78-0A25426AB1A4}
	EndGlobalSection
	GlobalSection(ExtensibilityGlobals) = postSolution
		SolutionGuid = {F1A395E3-2D54-4063-9960-027E5F28DC2C}
	EndGlobalSection
EndGlobal
