
Microsoft Visual Studio Solution File, Format Version 12.00
# Visual Studio Version 16
VisualStudioVersion = 16.0.31205.134
MinimumVisualStudioVersion = 10.0.40219.1
Project("{FAE04EC0-301F-11D3-BF4B-00C04F79EFBC}") = "Memcached.Sample", "Memcached.Sample\Memcached.Sample.csproj", "{9AB6E726-DEA7-46D5-A20B-F68EF5BFA7C1}"
EndProject
Global
	GlobalSection(SolutionConfigurationPlatforms) = preSolution
		Debug|Any CPU = Debug|Any CPU
		Release|Any CPU = Release|Any CPU
	EndGlobalSection
	GlobalSection(ProjectConfigurationPlatforms) = postSolution
		{9AB6E726-DEA7-46D5-A20B-F68EF5BFA7C1}.Debug|Any CPU.ActiveCfg = Debug|Any CPU
		{9AB6E726-DEA7-46D5-A20B-F68EF5BFA7C1}.Debug|Any CPU.Build.0 = Debug|Any CPU
		{9AB6E726-DEA7-46D5-A20B-F68EF5BFA7C1}.Release|Any CPU.ActiveCfg = Release|Any CPU
		{9AB6E726-DEA7-46D5-A20B-F68EF5BFA7C1}.Release|Any CPU.Build.0 = Release|Any CPU
	EndGlobalSection
	GlobalSection(SolutionProperties) = preSolution
		HideSolutionNode = FALSE
	EndGlobalSection
	GlobalSection(ExtensibilityGlobals) = postSolution
		SolutionGuid = {99E90A36-6030-4E0A-9CD0-48D6FF4A89AC}
	EndGlobalSection
EndGlobal
