
Microsoft Visual Studio Solution File, Format Version 12.00
# Visual Studio Version 16
VisualStudioVersion = 16.0.31205.134
MinimumVisualStudioVersion = 10.0.40219.1
Project("{FAE04EC0-301F-11D3-BF4B-00C04F79EFBC}") = "QuartzNet.Sample", "QuartzNet.Sample\QuartzNet.Sample.csproj", "{C9D6FEF2-198E-45DE-AE21-20F7026CD09E}"
EndProject
Global
	GlobalSection(SolutionConfigurationPlatforms) = preSolution
		Debug|Any CPU = Debug|Any CPU
		Release|Any CPU = Release|Any CPU
	EndGlobalSection
	GlobalSection(ProjectConfigurationPlatforms) = postSolution
		{C9D6FEF2-198E-45DE-AE21-20F7026CD09E}.Debug|Any CPU.ActiveCfg = Debug|Any CPU
		{C9D6FEF2-198E-45DE-AE21-20F7026CD09E}.Debug|Any CPU.Build.0 = Debug|Any CPU
		{C9D6FEF2-198E-45DE-AE21-20F7026CD09E}.Release|Any CPU.ActiveCfg = Release|Any CPU
		{C9D6FEF2-198E-45DE-AE21-20F7026CD09E}.Release|Any CPU.Build.0 = Release|Any CPU
	EndGlobalSection
	GlobalSection(SolutionProperties) = preSolution
		HideSolutionNode = FALSE
	EndGlobalSection
	GlobalSection(ExtensibilityGlobals) = postSolution
		SolutionGuid = {A3D36886-9FB2-4CCF-B0B6-015D0BB832DA}
	EndGlobalSection
EndGlobal
